
Microsoft Visual Studio Solution File, Format Version 12.00
# Visual Studio Version 16
VisualStudioVersion = 16.0.29827.131
MinimumVisualStudioVersion = 10.0.40219.1
Project("{FAE04EC0-301F-11D3-BF4B-00C04F79EFBC}") = "UnWechatApp", "UnWechatApp\UnWechatApp.csproj", "{9CA66153-E314-4BE2-9193-D4DA9C8D7E8F}"
EndProject
Project("{FAE04EC0-301F-11D3-BF4B-00C04F79EFBC}") = "UnWechatAppLib", "UnWechatAppLib\UnWechatAppLib.csproj", "{0EB465EE-8EEB-4888-8A3D-FCE6A35FCD4C}"
EndProject
Global
	GlobalSection(SolutionConfigurationPlatforms) = preSolution
		Debug|Any CPU = Debug|Any CPU
		Release|Any CPU = Release|Any CPU
	EndGlobalSection
	GlobalSection(ProjectConfigurationPlatforms) = postSolution
		{9CA66153-E314-4BE2-9193-D4DA9C8D7E8F}.Debug|Any CPU.ActiveCfg = Debug|Any CPU
		{9CA66153-E314-4BE2-9193-D4DA9C8D7E8F}.Debug|Any CPU.Build.0 = Debug|Any CPU
		{9CA66153-E314-4BE2-9193-D4DA9C8D7E8F}.Release|Any CPU.ActiveCfg = Release|Any CPU
		{9CA66153-E314-4BE2-9193-D4DA9C8D7E8F}.Release|Any CPU.Build.0 = Release|Any CPU
		{0EB465EE-8EEB-4888-8A3D-FCE6A35FCD4C}.Debug|Any CPU.ActiveCfg = Debug|Any CPU
		{0EB465EE-8EEB-4888-8A3D-FCE6A35FCD4C}.Debug|Any CPU.Build.0 = Debug|Any CPU
		{0EB465EE-8EEB-4888-8A3D-FCE6A35FCD4C}.Release|Any CPU.ActiveCfg = Release|Any CPU
		{0EB465EE-8EEB-4888-8A3D-FCE6A35FCD4C}.Release|Any CPU.Build.0 = Release|Any CPU
	EndGlobalSection
	GlobalSection(SolutionProperties) = preSolution
		HideSolutionNode = FALSE
	EndGlobalSection
	GlobalSection(ExtensibilityGlobals) = postSolution
		SolutionGuid = {0FFDFE62-A8CE-4C48-8090-D89FB5B6DB1A}
	EndGlobalSection
EndGlobal
